
Microsoft Visual Studio Solution File, Format Version 12.00
# Visual Studio 2013
VisualStudioVersion = 12.0.21005.1
MinimumVisualStudioVersion = 10.0.40219.1
Project("{FAE04EC0-301F-11D3-BF4B-00C04F79EFBC}") = "WordChemHelp", "WordChemHelp\WordChemHelp.csproj", "{B21E4616-0EDF-45DE-AC67-D1FB5563E5DA}"
EndProject
Project("{FAE04EC0-301F-11D3-BF4B-00C04F79EFBC}") = "WordChemHelp.Tests", "WordChemHelp.Tests\WordChemHelp.Tests.csproj", "{1B83D023-9ADE-4565-AFDD-722178DF0489}"
EndProject
Project("{FAE04EC0-301F-11D3-BF4B-00C04F79EFBC}") = "WordChemHelp.Core", "WordChemHelp.Core\WordChemHelp.Core.csproj", "{3DC12DEE-4F92-40BD-BDB3-6582829CEA7E}"
EndProject
Project("{2150E333-8FDC-42A3-9474-1A3956D46DE8}") = "Solution Items", "Solution Items", "{DA85A475-E270-4F5E-9D50-6FC2401CE909}"
	ProjectSection(SolutionItems) = preProject
		LICENSE = LICENSE
		README.md = README.md
	EndProjectSection
EndProject
Global
	GlobalSection(SolutionConfigurationPlatforms) = preSolution
		Debug|Any CPU = Debug|Any CPU
		Release|Any CPU = Release|Any CPU
	EndGlobalSection
	GlobalSection(ProjectConfigurationPlatforms) = postSolution
		{B21E4616-0EDF-45DE-AC67-D1FB5563E5DA}.Debug|Any CPU.ActiveCfg = Debug|Any CPU
		{B21E4616-0EDF-45DE-AC67-D1FB5563E5DA}.Debug|Any CPU.Build.0 = Debug|Any CPU
		{B21E4616-0EDF-45DE-AC67-D1FB5563E5DA}.Release|Any CPU.ActiveCfg = Release|Any CPU
		{B21E4616-0EDF-45DE-AC67-D1FB5563E5DA}.Release|Any CPU.Build.0 = Release|Any CPU
		{1B83D023-9ADE-4565-AFDD-722178DF0489}.Debug|Any CPU.ActiveCfg = Debug|Any CPU
		{1B83D023-9ADE-4565-AFDD-722178DF0489}.Debug|Any CPU.Build.0 = Debug|Any CPU
		{1B83D023-9ADE-4565-AFDD-722178DF0489}.Release|Any CPU.ActiveCfg = Release|Any CPU
		{1B83D023-9ADE-4565-AFDD-722178DF0489}.Release|Any CPU.Build.0 = Release|Any CPU
		{3DC12DEE-4F92-40BD-BDB3-6582829CEA7E}.Debug|Any CPU.ActiveCfg = Debug|Any CPU
		{3DC12DEE-4F92-40BD-BDB3-6582829CEA7E}.Debug|Any CPU.Build.0 = Debug|Any CPU
		{3DC12DEE-4F92-40BD-BDB3-6582829CEA7E}.Release|Any CPU.ActiveCfg = Release|Any CPU
		{3DC12DEE-4F92-40BD-BDB3-6582829CEA7E}.Release|Any CPU.Build.0 = Release|Any CPU
	EndGlobalSection
	GlobalSection(SolutionProperties) = preSolution
		HideSolutionNode = FALSE
	EndGlobalSection
EndGlobal
